
Microsoft Visual Studio Solution File, Format Version 12.00
# Visual Studio Version 16
VisualStudioVersion = 16.0.31402.337
MinimumVisualStudioVersion = 10.0.40219.1
Project("{FAE04EC0-301F-11D3-BF4B-00C04F79EFBC}") = "MVC ProjectWork", "MVC ProjectWork\MVC ProjectWork.csproj", "{02437366-6E2D-4594-86BD-5639FAAD9334}"
EndProject
Global
	GlobalSection(SolutionConfigurationPlatforms) = preSolution
		Debug|Any CPU = Debug|Any CPU
		Release|Any CPU = Release|Any CPU
	EndGlobalSection
	GlobalSection(ProjectConfigurationPlatforms) = postSolution
		{02437366-6E2D-4594-86BD-5639FAAD9334}.Debug|Any CPU.ActiveCfg = Debug|Any CPU
		{02437366-6E2D-4594-86BD-5639FAAD9334}.Debug|Any CPU.Build.0 = Debug|Any CPU
		{02437366-6E2D-4594-86BD-5639FAAD9334}.Release|Any CPU.ActiveCfg = Release|Any CPU
		{02437366-6E2D-4594-86BD-5639FAAD9334}.Release|Any CPU.Build.0 = Release|Any CPU
	EndGlobalSection
	GlobalSection(SolutionProperties) = preSolution
		HideSolutionNode = FALSE
	EndGlobalSection
	GlobalSection(ExtensibilityGlobals) = postSolution
		SolutionGuid = {1B03A623-771C-4CFA-B12F-68C100AE725A}
	EndGlobalSection
EndGlobal
